
Microsoft Visual Studio Solution File, Format Version 12.00
# Visual Studio Version 17
VisualStudioVersion = 17.10.34916.146
MinimumVisualStudioVersion = 10.0.40219.1
Project("{FAE04EC0-301F-11D3-BF4B-00C04F79EFBC}") = "STRPMenu", "TestCarSpawner\STRPMenu.csproj", "{BDC94F8D-0C4C-4988-82C5-DB44052BD711}"
EndProject
Global
	GlobalSection(SolutionConfigurationPlatforms) = preSolution
		Debug|Any CPU = Debug|Any CPU
		Release|Any CPU = Release|Any CPU
	EndGlobalSection
	GlobalSection(ProjectConfigurationPlatforms) = postSolution
		{BDC94F8D-0C4C-4988-82C5-DB44052BD711}.Debug|Any CPU.ActiveCfg = Debug|Any CPU
		{BDC94F8D-0C4C-4988-82C5-DB44052BD711}.Debug|Any CPU.Build.0 = Debug|Any CPU
		{BDC94F8D-0C4C-4988-82C5-DB44052BD711}.Release|Any CPU.ActiveCfg = Release|Any CPU
		{BDC94F8D-0C4C-4988-82C5-DB44052BD711}.Release|Any CPU.Build.0 = Release|Any CPU
	EndGlobalSection
	GlobalSection(SolutionProperties) = preSolution
		HideSolutionNode = FALSE
	EndGlobalSection
	GlobalSection(ExtensibilityGlobals) = postSolution
		SolutionGuid = {3E97DB0A-D366-4C9B-A756-0A5B419EEDF2}
	EndGlobalSection
EndGlobal
